{
  "nodes": {
    "flake-parts": {
      "inputs": {
        "nixpkgs-lib": "nixpkgs-lib"
      },
      "locked": {
        "lastModified": 1769996383,
        "narHash": "sha256-AnYjnFWgS49RlqX7LrC4uA+sCCDBj0Ry/WOJ5XWAsa0=",
        "owner": "hercules-ci",
        "repo": "flake-parts",
        "rev": "57928607ea566b5db3ad13af0e57e921e6b12381",
        "type": "github"
      },
      "original": {
        "owner": "hercules-ci",
        "repo": "flake-parts",
        "type": "github"
      }
    },
    "home-manager": {
      "inputs": {
        "nixpkgs": [
          "nixpkgs"
        ]
      },
      "locked": {
        "lastModified": 1771188132,
        "narHash": "sha256-qLXxN/tPrZtnekaLBQuVtxQfvqqs5cT5WbyH4zZaTGI=",
        "owner": "nix-community",
        "repo": "home-manager",
        "rev": "ae8003d8b61d0d373e7ca3da1a48f9c870d15df9",
        "type": "github"
      },
      "original": {
        "owner": "nix-community",
        "repo": "home-manager",
        "type": "github"
      }
    },
    "nix-gaming": {
      "inputs": {
        "flake-parts": "flake-parts",
        "nixpkgs": [
          "nixpkgs"
        ]
      },
      "locked": {
        "lastModified": 1771123156,
        "narHash": "sha256-Px1IFFTw3zdP8RNram2g41EvUTjIZRDLCgZyXgpBty0=",
        "owner": "fufexan",
        "repo": "nix-gaming",
        "rev": "0c4bf3ac4eaf5b693e5d7ae75f3caba8fcf15d8f",
        "type": "github"
      },
      "original": {
        "owner": "fufexan",
        "repo": "nix-gaming",
        "type": "github"
      }
    },
    "nixos-hardware": {
      "locked": {
        "lastModified": 1765189879,
        "narHash": "sha256-Kkt19aYu9344Mc27rv5e84ZrQD6YkbdDQwkYlh6Hoio=",
        "owner": "nobbele",
        "repo": "nixos-hardware",
        "rev": "48530f4e0ed0b2e64002fe198f9e4a38c332675a",
        "type": "github"
      },
      "original": {
        "owner": "nobbele",
        "repo": "nixos-hardware",
        "type": "github"
      }
    },
    "nixpkgs": {
      "locked": {
        "lastModified": 1771008912,
        "narHash": "sha256-gf2AmWVTs8lEq7z/3ZAsgnZDhWIckkb+ZnAo5RzSxJg=",
        "owner": "NixOS",
        "repo": "nixpkgs",
        "rev": "a82ccc39b39b621151d6732718e3e250109076fa",
        "type": "github"
      },
      "original": {
        "owner": "NixOS",
        "ref": "nixos-unstable",
        "repo": "nixpkgs",
        "type": "github"
      }
    },
    "nixpkgs-lib": {
      "locked": {
        "lastModified": 1769909678,
        "narHash": "sha256-cBEymOf4/o3FD5AZnzC3J9hLbiZ+QDT/KDuyHXVJOpM=",
        "owner": "nix-community",
        "repo": "nixpkgs.lib",
        "rev": "72716169fe93074c333e8d0173151350670b824c",
        "type": "github"
      },
      "original": {
        "owner": "nix-community",
        "repo": "nixpkgs.lib",
        "type": "github"
      }
    },
    "nixpkgs-stable": {
      "locked": {
        "lastModified": 1751274312,
        "narHash": "sha256-/bVBlRpECLVzjV19t5KMdMFWSwKLtb5RyXdjz3LJT+g=",
        "owner": "NixOS",
        "repo": "nixpkgs",
        "rev": "50ab793786d9de88ee30ec4e4c24fb4236fc2674",
        "type": "github"
      },
      "original": {
        "owner": "NixOS",
        "ref": "nixos-24.11",
        "repo": "nixpkgs",
        "type": "github"
      }
    },
    "root": {
      "inputs": {
        "home-manager": "home-manager",
        "nix-gaming": "nix-gaming",
        "nixos-hardware": "nixos-hardware",
        "nixpkgs": "nixpkgs",
        "nixpkgs-stable": "nixpkgs-stable"
      }
    }
  },
  "root": "root",
  "version": 7
}
